
Microsoft Visual Studio Solution File, Format Version 12.00
# Visual Studio Version 16
VisualStudioVersion = 16.0.31205.134
MinimumVisualStudioVersion = 10.0.40219.1
Project("{9A19103F-16F7-4668-BE54-9A1E7A4F7556}") = "StudentLoanSystem", "StudentLoanSystem.csproj", "{9EB7C44A-0F33-4A2E-B232-9275E658F5D9}"
EndProject
Global
	GlobalSection(SolutionConfigurationPlatforms) = preSolution
		Debug|Any CPU = Debug|Any CPU
		Release|Any CPU = Release|Any CPU
	EndGlobalSection
	GlobalSection(ProjectConfigurationPlatforms) = postSolution
		{9EB7C44A-0F33-4A2E-B232-9275E658F5D9}.Debug|Any CPU.ActiveCfg = Debug|Any CPU
		{9EB7C44A-0F33-4A2E-B232-9275E658F5D9}.Debug|Any CPU.Build.0 = Debug|Any CPU
		{9EB7C44A-0F33-4A2E-B232-9275E658F5D9}.Release|Any CPU.ActiveCfg = Release|Any CPU
		{9EB7C44A-0F33-4A2E-B232-9275E658F5D9}.Release|Any CPU.Build.0 = Release|Any CPU
	EndGlobalSection
	GlobalSection(SolutionProperties) = preSolution
		HideSolutionNode = FALSE
	EndGlobalSection
	GlobalSection(ExtensibilityGlobals) = postSolution
		SolutionGuid = {86BB456C-EB2E-44F1-A46A-30F55627DBE9}
	EndGlobalSection
EndGlobal
